
Microsoft Visual Studio Solution File, Format Version 12.00
# Visual Studio 15
Project("{FAE04EC0-301F-11D3-BF4B-00C04F79EFBC}") = "Assembly-CSharp", "Assembly-CSharp.csproj", "{FD599144-36CC-F3C1-1734-D7CD255C36DD}"
EndProject
Project("{FAE04EC0-301F-11D3-BF4B-00C04F79EFBC}") = "Assembly-CSharp-Editor", "Assembly-CSharp-Editor.csproj", "{5E2B6C06-249C-BD02-16CE-33F1E5B26D8A}"
EndProject
Global
	GlobalSection(SolutionConfigurationPlatforms) = preSolution
		Debug|Any CPU = Debug|Any CPU
		Release|Any CPU = Release|Any CPU
	EndGlobalSection
	GlobalSection(ProjectConfigurationPlatforms) = postSolution
		{FD599144-36CC-F3C1-1734-D7CD255C36DD}.Debug|Any CPU.ActiveCfg = Debug|Any CPU
		{FD599144-36CC-F3C1-1734-D7CD255C36DD}.Debug|Any CPU.Build.0 = Debug|Any CPU
		{FD599144-36CC-F3C1-1734-D7CD255C36DD}.Release|Any CPU.ActiveCfg = Release|Any CPU
		{FD599144-36CC-F3C1-1734-D7CD255C36DD}.Release|Any CPU.Build.0 = Release|Any CPU
		{5E2B6C06-249C-BD02-16CE-33F1E5B26D8A}.Debug|Any CPU.ActiveCfg = Debug|Any CPU
		{5E2B6C06-249C-BD02-16CE-33F1E5B26D8A}.Debug|Any CPU.Build.0 = Debug|Any CPU
		{5E2B6C06-249C-BD02-16CE-33F1E5B26D8A}.Release|Any CPU.ActiveCfg = Release|Any CPU
		{5E2B6C06-249C-BD02-16CE-33F1E5B26D8A}.Release|Any CPU.Build.0 = Release|Any CPU
	EndGlobalSection
	GlobalSection(SolutionProperties) = preSolution
		HideSolutionNode = FALSE
	EndGlobalSection
EndGlobal
